{
  "version": "2",
  "remote": {
    "https://deno.land/std@0.134.0/_deno_unstable.ts": "23a1a36928f1b6d3b0170aaa67de09af12aa998525f608ff7331b9fb364cbde6",
    "https://deno.land/std@0.134.0/_util/assert.ts": "e94f2eb37cebd7f199952e242c77654e43333c1ac4c5c700e929ea3aa5489f74",
    "https://deno.land/std@0.134.0/_util/os.ts": "49b92edea1e82ba295ec946de8ffd956ed123e2948d9bd1d3e901b04e4307617",
    "https://deno.land/std@0.134.0/collections/_utils.ts": "fd759867be7a0047a1fa89ec89f7b58ebe3f2f7f089a8f4e416eb30c5d764868",
    "https://deno.land/std@0.134.0/collections/deep_merge.ts": "19a37ef5a149688f9d9281f94545e2159424bacf47b67eb7ad8099b7f732ac48",
    "https://deno.land/std@0.134.0/flags/mod.ts": "9bd361fd5487f5e06cae4e0b5237a83c2908202f4a76944ba1312029f6c11b95",
    "https://deno.land/std@0.134.0/fs/_util.ts": "0fb24eb4bfebc2c194fb1afdb42b9c3dda12e368f43e8f2321f84fc77d42cb0f",
    "https://deno.land/std@0.134.0/fs/copy.ts": "9248d1492599957af8c693ceb10a432b09f0b0b61c60a4d6aff29b0c7d3a17b3",
    "https://deno.land/std@0.134.0/fs/empty_dir.ts": "7274d87160de34cbed0531e284df383045cf43543bbeadeb97feac598bd8f3c5",
    "https://deno.land/std@0.134.0/fs/ensure_dir.ts": "9dc109c27df4098b9fc12d949612ae5c9c7169507660dcf9ad90631833209d9d",
    "https://deno.land/std@0.134.0/fs/ensure_file.ts": "7d353e64fee3d4d1e7c6b6726a2a5e987ba402c15fb49566309042887349c545",
    "https://deno.land/std@0.134.0/fs/ensure_link.ts": "489e23df9fe3e6636048b5830ddf0f111eb29621eb85719255ad9bd645f3471b",
    "https://deno.land/std@0.134.0/fs/ensure_symlink.ts": "88dc83de1bc90ed883dd458c2d2eae3d5834a4617d12925734836e1f0803b274",
    "https://deno.land/std@0.134.0/fs/eol.ts": "b92f0b88036de507e7e6fbedbe8f666835ea9dcbf5ac85917fa1fadc919f83a5",
    "https://deno.land/std@0.134.0/fs/exists.ts": "cb734d872f8554ea40b8bff77ad33d4143c1187eac621a55bf37781a43c56f6d",
    "https://deno.land/std@0.134.0/fs/expand_glob.ts": "0c10130d67c9b02164b03df8e43c6d6defbf8e395cb69d09e84a8586e6d72ac3",
    "https://deno.land/std@0.134.0/fs/mod.ts": "4dc052c461c171abb5c25f6e0f218ab838a716230930b534ba351745864b7d6d",
    "https://deno.land/std@0.134.0/fs/move.ts": "0573cedcf583f09a9494f2dfccbf67de68a93629942d6b5e6e74a9e45d4e8a2e",
    "https://deno.land/std@0.134.0/fs/walk.ts": "117403ccd21fd322febe56ba06053b1ad5064c802170f19b1ea43214088fe95f",
    "https://deno.land/std@0.134.0/path/_constants.ts": "df1db3ffa6dd6d1252cc9617e5d72165cd2483df90e93833e13580687b6083c3",
    "https://deno.land/std@0.134.0/path/_interface.ts": "ee3b431a336b80cf445441109d089b70d87d5e248f4f90ff906820889ecf8d09",
    "https://deno.land/std@0.134.0/path/_util.ts": "c1e9686d0164e29f7d880b2158971d805b6e0efc3110d0b3e24e4b8af2190d2b",
    "https://deno.land/std@0.134.0/path/common.ts": "bee563630abd2d97f99d83c96c2fa0cca7cee103e8cb4e7699ec4d5db7bd2633",
    "https://deno.land/std@0.134.0/path/glob.ts": "cb5255638de1048973c3e69e420c77dc04f75755524cb3b2e160fe9277d939ee",
    "https://deno.land/std@0.134.0/path/mod.ts": "4275129bb766f0e475ecc5246aa35689eeade419d72a48355203f31802640be7",
    "https://deno.land/std@0.134.0/path/posix.ts": "663e4a6fe30a145f56aa41a22d95114c4c5582d8b57d2d7c9ed27ad2c47636bb",
    "https://deno.land/std@0.134.0/path/separator.ts": "fe1816cb765a8068afb3e8f13ad272351c85cbc739af56dacfc7d93d710fe0f9",
    "https://deno.land/std@0.134.0/path/win32.ts": "e7bdf63e8d9982b4d8a01ef5689425c93310ece950e517476e22af10f41a136e",
    "https://deno.land/std@0.138.0/_util/assert.ts": "e94f2eb37cebd7f199952e242c77654e43333c1ac4c5c700e929ea3aa5489f74",
    "https://deno.land/std@0.138.0/flags/mod.ts": "019df8a63ed24df2d10be22e8983aa9253623e871228a2f8f328ff2d0404f7ef",
    "https://deno.land/std@0.149.0/_util/assert.ts": "e94f2eb37cebd7f199952e242c77654e43333c1ac4c5c700e929ea3aa5489f74",
    "https://deno.land/std@0.149.0/encoding/jsonc.ts": "11ad83eaae80e94ecd26190af950e90ca147b9f39838a059da804b591a803b11",
    "https://deno.land/x/deno_slack_api@2.0.0/api-proxy.ts": "20cf2ec33071e0b7a319a3fb9c8f8440a891f71bc780097e9000f66bbeaa7ab5",
    "https://deno.land/x/deno_slack_api@2.0.0/base-client.ts": "faf6c7ae680f5a8e73f16866addb1747c49ade089eb34414923077bf7f450c7d",
    "https://deno.land/x/deno_slack_api@2.0.0/generated/method-types/admin.ts": "3564a56c3b24ca9e983e6c9e23e27916f975387ad29c820ac5264861b035fa37",
    "https://deno.land/x/deno_slack_api@2.0.0/generated/method-types/api.ts": "b6e55651d5361c8014456ce7298577e24cc7f0e5b5778db7aa39b4bc52f6be6e",
    "https://deno.land/x/deno_slack_api@2.0.0/generated/method-types/apps.ts": "71a560384acc883de891499dd915209ed8fd99326649f649884c53c5f3fa7d8b",
    "https://deno.land/x/deno_slack_api@2.0.0/generated/method-types/auth.ts": "cdea87a7830ba10e0a764b9109e478ab6165d23a5ca74a865d7b4977c2e1b9a9",
    "https://deno.land/x/deno_slack_api@2.0.0/generated/method-types/bookmarks.ts": "1aad44f0727a7eaa0280ab6a27a663a8a70c978ba634ac00bff762f081cd81bc",
    "https://deno.land/x/deno_slack_api@2.0.0/generated/method-types/bots.ts": "0e2699db5370df05cae2346ea007f608935125bc4a606862362b5f058f6bab48",
    "https://deno.land/x/deno_slack_api@2.0.0/generated/method-types/calls.ts": "3eb2999441efe068abd5e68442d314db26258c5279b2ce678cc2b59187679417",
    "https://deno.land/x/deno_slack_api@2.0.0/generated/method-types/chat.ts": "696f7cb7cc3973a18778a0145e6682a6b93f9671d6f471dafe12dce7574d123d",
    "https://deno.land/x/deno_slack_api@2.0.0/generated/method-types/conversations.ts": "04a058fd888e6eab360601c4878b49c32d626839bea791f9647d04558025b5e6",
    "https://deno.land/x/deno_slack_api@2.0.0/generated/method-types/dialog.ts": "875b2b8d127917a66b6e724d1de748657f18740c144e9a86c9a6ccbb555fe6cf",
    "https://deno.land/x/deno_slack_api@2.0.0/generated/method-types/dnd.ts": "745eb9579e9411bd293becd9afbc2e9081023e11326630b958eefecb3205ccc3",
    "https://deno.land/x/deno_slack_api@2.0.0/generated/method-types/emoji.ts": "564f752d28daac5843be7a43476a3c5aae23ce638532fe2522ab4159e3d7ab3a",
    "https://deno.land/x/deno_slack_api@2.0.0/generated/method-types/enterprise.ts": "5fa4016840d30c72e0f2581878f6a950f4cac006f82c956d12ed9898b61dabd0",
    "https://deno.land/x/deno_slack_api@2.0.0/generated/method-types/files.ts": "ee55b623452d87f370c2149bdcc903880115858a67786fc7ea55a2fe3a04c817",
    "https://deno.land/x/deno_slack_api@2.0.0/generated/method-types/migration.ts": "330a286b193af03481051f7404e6c6bdc5a9878208440219914cd648f27b7ab8",
    "https://deno.land/x/deno_slack_api@2.0.0/generated/method-types/mod.ts": "b056fe92ae54fc5dbd8a56e3eabb915d0a0f118a15058ce53a6cb2cf6f7652d6",
    "https://deno.land/x/deno_slack_api@2.0.0/generated/method-types/oauth.ts": "a46048f7e2776798ecb57ab7b5d56c254b211030cb11a79d2354a90f3687473f",
    "https://deno.land/x/deno_slack_api@2.0.0/generated/method-types/openid.ts": "4fa53dff20dd1ab9fa824829ad6319c1432aef8fcdd87279bc75d44a5132f4d3",
    "https://deno.land/x/deno_slack_api@2.0.0/generated/method-types/pins.ts": "f5aaa7c8228fcd7d75d947c3b71c95c7c92eba473fd82ed457a42d30a2e7b93b",
    "https://deno.land/x/deno_slack_api@2.0.0/generated/method-types/reactions.ts": "4440795f4b6a05729bcccbdf409c885969e944104c3d5f92de03f4d2283c1aac",
    "https://deno.land/x/deno_slack_api@2.0.0/generated/method-types/reminders.ts": "b563c146e274fe13057033048efb13a1886b6e61a0bf44fb159a42fc7ff77fe1",
    "https://deno.land/x/deno_slack_api@2.0.0/generated/method-types/rtm.ts": "9235c6a110e1f05b136b8dbc0d4de5e122ebc45420d8a2c586462b84b26886b9",
    "https://deno.land/x/deno_slack_api@2.0.0/generated/method-types/search.ts": "f5a7544ec45c1676acc77407616b2d8d8d3e1a511a3e4ffda93555f0c9ae5893",
    "https://deno.land/x/deno_slack_api@2.0.0/generated/method-types/stars.ts": "c91f4154e907ea92fffd0e4834d1c9b0a919d23e89d6fe90d9f69b3f226b4b9f",
    "https://deno.land/x/deno_slack_api@2.0.0/generated/method-types/team.ts": "c81f51688d1ddbf02686232cdf84b53f46551875544924dcbced60531ac6b035",
    "https://deno.land/x/deno_slack_api@2.0.0/generated/method-types/tooling.ts": "ec30c6fd91d05afb915d5851dae4bb4a742db1d40ed5fcc71a400d6deb2264b6",
    "https://deno.land/x/deno_slack_api@2.0.0/generated/method-types/usergroups.ts": "56e1c2827230443d27ee585d5c5629dd7024730c399969d0b70fa3bd8d64c1c6",
    "https://deno.land/x/deno_slack_api@2.0.0/generated/method-types/users.ts": "a1914f5e1a75363b645ee576168276aac79e59c6938bb5494ddd097bb83947a2",
    "https://deno.land/x/deno_slack_api@2.0.0/generated/method-types/views.ts": "12ed9848a217b3ca83dd1378414c62a305711c7937635aed2bcc8af8838bcd75",
    "https://deno.land/x/deno_slack_api@2.0.0/generated/method-types/workflows.ts": "92a3a8f8bc6a7c121d4a7435eadc02e42a5d8a308709fdfddc5ae3c4fe373045",
    "https://deno.land/x/deno_slack_api@2.0.0/mod.ts": "2c5c95a5b6cccb3b1e090b2cf7905a7fc435da28e7b60e0bed51b405ba810511",
    "https://deno.land/x/deno_slack_api@2.0.0/type-helpers.ts": "0b60b05f32096c8e1df045864cdca7bdb58acc68716076cf218dfe09a2677066",
    "https://deno.land/x/deno_slack_api@2.0.0/typed-method-types/apps.ts": "a122fca18dd6f100480c37dcc749f74dd9ffbe510613c314d4bca01360cf3a14",
    "https://deno.land/x/deno_slack_api@2.0.0/typed-method-types/chat.ts": "102ffc03b2119afd94a3b181c37e29a39a707c39cb953bdfa784bd854bdfbe52",
    "https://deno.land/x/deno_slack_api@2.0.0/typed-method-types/functions.ts": "ef359a596a548546b8d3be25ef6bedec65ecb53f35ffaf2c6d04c031b12c7ac5",
    "https://deno.land/x/deno_slack_api@2.0.0/typed-method-types/mod.ts": "0be3dd3832e49ea2e87bbc350d156d508fa6ebbcad8cd7f8d2279bebcfa751de",
    "https://deno.land/x/deno_slack_api@2.0.0/typed-method-types/workflows/mod.ts": "be33a1bd8a4df3bf58ca404d2ed7ed2df95abd989b14c14782861c37f8200925",
    "https://deno.land/x/deno_slack_api@2.0.0/typed-method-types/workflows/triggers/base_response.ts": "f1a77f2c163dcbb3ac2414acddc72be6dfa24d5f1e3623423752ad45a8c97572",
    "https://deno.land/x/deno_slack_api@2.0.0/typed-method-types/workflows/triggers/event.ts": "f9c9b35a60d27f5ff1c88b594f9ec7be4623dd160f69fddf61c2289866703a58",
    "https://deno.land/x/deno_slack_api@2.0.0/typed-method-types/workflows/triggers/inputs.ts": "0262a55ed2b2f6ca6f496cc2cac6aab8b108e7e0d7ad41d7db7ebb7c33b16f4a",
    "https://deno.land/x/deno_slack_api@2.0.0/typed-method-types/workflows/triggers/mod.ts": "68efbd7f2e4ebea92ae3b1194a9c2d496332252a0eaa408c76d5b81458bd321a",
    "https://deno.land/x/deno_slack_api@2.0.0/typed-method-types/workflows/triggers/scheduled.ts": "a1f5731657835f6dd5e9daaa6d9ed553e99a01847a077a118f78b2964395ba2b",
    "https://deno.land/x/deno_slack_api@2.0.0/typed-method-types/workflows/triggers/shortcut.ts": "062a7bc4806b24a673c10ee55310f41275511871e077a8019633c9647cba0672",
    "https://deno.land/x/deno_slack_api@2.0.0/typed-method-types/workflows/triggers/trigger-event-types.ts": "547465948def9c174e2ad87ca012ae512100a1c9d2bfb8895350a248046977b5",
    "https://deno.land/x/deno_slack_api@2.0.0/typed-method-types/workflows/triggers/trigger-filter.ts": "db0583587e893b9dd4e30e1e413c5b177ac032c9053510bcdbd3d099b23130b6",
    "https://deno.land/x/deno_slack_api@2.0.0/typed-method-types/workflows/triggers/webhook.ts": "371ba34093db206d9048151a44195e2ca2af2f4e6a8f220411cb018d493cd96b",
    "https://deno.land/x/deno_slack_api@2.0.0/types.ts": "c2b58dfb04066c241433d17f19d9864ee56155f4f5c9b0b166a119bfe6a09eb6",
    "https://deno.land/x/deno_slack_api@2.0.1/generated/method-types/admin.ts": "3564a56c3b24ca9e983e6c9e23e27916f975387ad29c820ac5264861b035fa37",
    "https://deno.land/x/deno_slack_api@2.0.1/generated/method-types/api.ts": "b6e55651d5361c8014456ce7298577e24cc7f0e5b5778db7aa39b4bc52f6be6e",
    "https://deno.land/x/deno_slack_api@2.0.1/generated/method-types/apps.ts": "71a560384acc883de891499dd915209ed8fd99326649f649884c53c5f3fa7d8b",
    "https://deno.land/x/deno_slack_api@2.0.1/generated/method-types/auth.ts": "cdea87a7830ba10e0a764b9109e478ab6165d23a5ca74a865d7b4977c2e1b9a9",
    "https://deno.land/x/deno_slack_api@2.0.1/generated/method-types/bookmarks.ts": "1aad44f0727a7eaa0280ab6a27a663a8a70c978ba634ac00bff762f081cd81bc",
    "https://deno.land/x/deno_slack_api@2.0.1/generated/method-types/bots.ts": "0e2699db5370df05cae2346ea007f608935125bc4a606862362b5f058f6bab48",
    "https://deno.land/x/deno_slack_api@2.0.1/generated/method-types/calls.ts": "3eb2999441efe068abd5e68442d314db26258c5279b2ce678cc2b59187679417",
    "https://deno.land/x/deno_slack_api@2.0.1/generated/method-types/chat.ts": "696f7cb7cc3973a18778a0145e6682a6b93f9671d6f471dafe12dce7574d123d",
    "https://deno.land/x/deno_slack_api@2.0.1/generated/method-types/conversations.ts": "04a058fd888e6eab360601c4878b49c32d626839bea791f9647d04558025b5e6",
    "https://deno.land/x/deno_slack_api@2.0.1/generated/method-types/dialog.ts": "875b2b8d127917a66b6e724d1de748657f18740c144e9a86c9a6ccbb555fe6cf",
    "https://deno.land/x/deno_slack_api@2.0.1/generated/method-types/dnd.ts": "745eb9579e9411bd293becd9afbc2e9081023e11326630b958eefecb3205ccc3",
    "https://deno.land/x/deno_slack_api@2.0.1/generated/method-types/emoji.ts": "564f752d28daac5843be7a43476a3c5aae23ce638532fe2522ab4159e3d7ab3a",
    "https://deno.land/x/deno_slack_api@2.0.1/generated/method-types/enterprise.ts": "5fa4016840d30c72e0f2581878f6a950f4cac006f82c956d12ed9898b61dabd0",
    "https://deno.land/x/deno_slack_api@2.0.1/generated/method-types/files.ts": "ee55b623452d87f370c2149bdcc903880115858a67786fc7ea55a2fe3a04c817",
    "https://deno.land/x/deno_slack_api@2.0.1/generated/method-types/migration.ts": "330a286b193af03481051f7404e6c6bdc5a9878208440219914cd648f27b7ab8",
    "https://deno.land/x/deno_slack_api@2.0.1/generated/method-types/mod.ts": "b056fe92ae54fc5dbd8a56e3eabb915d0a0f118a15058ce53a6cb2cf6f7652d6",
    "https://deno.land/x/deno_slack_api@2.0.1/generated/method-types/oauth.ts": "a46048f7e2776798ecb57ab7b5d56c254b211030cb11a79d2354a90f3687473f",
    "https://deno.land/x/deno_slack_api@2.0.1/generated/method-types/openid.ts": "4fa53dff20dd1ab9fa824829ad6319c1432aef8fcdd87279bc75d44a5132f4d3",
    "https://deno.land/x/deno_slack_api@2.0.1/generated/method-types/pins.ts": "f5aaa7c8228fcd7d75d947c3b71c95c7c92eba473fd82ed457a42d30a2e7b93b",
    "https://deno.land/x/deno_slack_api@2.0.1/generated/method-types/reactions.ts": "4440795f4b6a05729bcccbdf409c885969e944104c3d5f92de03f4d2283c1aac",
    "https://deno.land/x/deno_slack_api@2.0.1/generated/method-types/reminders.ts": "b563c146e274fe13057033048efb13a1886b6e61a0bf44fb159a42fc7ff77fe1",
    "https://deno.land/x/deno_slack_api@2.0.1/generated/method-types/rtm.ts": "9235c6a110e1f05b136b8dbc0d4de5e122ebc45420d8a2c586462b84b26886b9",
    "https://deno.land/x/deno_slack_api@2.0.1/generated/method-types/search.ts": "f5a7544ec45c1676acc77407616b2d8d8d3e1a511a3e4ffda93555f0c9ae5893",
    "https://deno.land/x/deno_slack_api@2.0.1/generated/method-types/stars.ts": "c91f4154e907ea92fffd0e4834d1c9b0a919d23e89d6fe90d9f69b3f226b4b9f",
    "https://deno.land/x/deno_slack_api@2.0.1/generated/method-types/team.ts": "c81f51688d1ddbf02686232cdf84b53f46551875544924dcbced60531ac6b035",
    "https://deno.land/x/deno_slack_api@2.0.1/generated/method-types/tooling.ts": "ec30c6fd91d05afb915d5851dae4bb4a742db1d40ed5fcc71a400d6deb2264b6",
    "https://deno.land/x/deno_slack_api@2.0.1/generated/method-types/usergroups.ts": "56e1c2827230443d27ee585d5c5629dd7024730c399969d0b70fa3bd8d64c1c6",
    "https://deno.land/x/deno_slack_api@2.0.1/generated/method-types/users.ts": "a1914f5e1a75363b645ee576168276aac79e59c6938bb5494ddd097bb83947a2",
    "https://deno.land/x/deno_slack_api@2.0.1/generated/method-types/views.ts": "12ed9848a217b3ca83dd1378414c62a305711c7937635aed2bcc8af8838bcd75",
    "https://deno.land/x/deno_slack_api@2.0.1/generated/method-types/workflows.ts": "92a3a8f8bc6a7c121d4a7435eadc02e42a5d8a308709fdfddc5ae3c4fe373045",
    "https://deno.land/x/deno_slack_api@2.0.1/type-helpers.ts": "0b60b05f32096c8e1df045864cdca7bdb58acc68716076cf218dfe09a2677066",
    "https://deno.land/x/deno_slack_api@2.0.1/typed-method-types/apps.ts": "a122fca18dd6f100480c37dcc749f74dd9ffbe510613c314d4bca01360cf3a14",
    "https://deno.land/x/deno_slack_api@2.0.1/typed-method-types/chat.ts": "102ffc03b2119afd94a3b181c37e29a39a707c39cb953bdfa784bd854bdfbe52",
    "https://deno.land/x/deno_slack_api@2.0.1/typed-method-types/functions.ts": "ef359a596a548546b8d3be25ef6bedec65ecb53f35ffaf2c6d04c031b12c7ac5",
    "https://deno.land/x/deno_slack_api@2.0.1/typed-method-types/mod.ts": "0be3dd3832e49ea2e87bbc350d156d508fa6ebbcad8cd7f8d2279bebcfa751de",
    "https://deno.land/x/deno_slack_api@2.0.1/typed-method-types/workflows/mod.ts": "be33a1bd8a4df3bf58ca404d2ed7ed2df95abd989b14c14782861c37f8200925",
    "https://deno.land/x/deno_slack_api@2.0.1/typed-method-types/workflows/triggers/base_response.ts": "f1a77f2c163dcbb3ac2414acddc72be6dfa24d5f1e3623423752ad45a8c97572",
    "https://deno.land/x/deno_slack_api@2.0.1/typed-method-types/workflows/triggers/event.ts": "79d637b92a695308c30312560c41a1797677f006b61fb23191b0c6fe20ce2a7c",
    "https://deno.land/x/deno_slack_api@2.0.1/typed-method-types/workflows/triggers/inputs.ts": "0262a55ed2b2f6ca6f496cc2cac6aab8b108e7e0d7ad41d7db7ebb7c33b16f4a",
    "https://deno.land/x/deno_slack_api@2.0.1/typed-method-types/workflows/triggers/mod.ts": "68efbd7f2e4ebea92ae3b1194a9c2d496332252a0eaa408c76d5b81458bd321a",
    "https://deno.land/x/deno_slack_api@2.0.1/typed-method-types/workflows/triggers/scheduled.ts": "bad94b33dfec0c6b0527a70b9ca1ecb804380460d294a61b016cc0750580506f",
    "https://deno.land/x/deno_slack_api@2.0.1/typed-method-types/workflows/triggers/shortcut.ts": "062a7bc4806b24a673c10ee55310f41275511871e077a8019633c9647cba0672",
    "https://deno.land/x/deno_slack_api@2.0.1/typed-method-types/workflows/triggers/trigger-event-types.ts": "547465948def9c174e2ad87ca012ae512100a1c9d2bfb8895350a248046977b5",
    "https://deno.land/x/deno_slack_api@2.0.1/typed-method-types/workflows/triggers/trigger-filter.ts": "db0583587e893b9dd4e30e1e413c5b177ac032c9053510bcdbd3d099b23130b6",
    "https://deno.land/x/deno_slack_api@2.0.1/typed-method-types/workflows/triggers/webhook.ts": "88463d97d23cefbb665fc67f7e6c86497654d59cda6bdba9749d16fdac5c5427",
    "https://deno.land/x/deno_slack_api@2.0.1/types.ts": "c2b58dfb04066c241433d17f19d9864ee56155f4f5c9b0b166a119bfe6a09eb6",
    "https://deno.land/x/deno_slack_hooks@1.0.1/check_update.ts": "3726ea1aaf78eb8b55bfb4f5dcafbf72a2f0b3d6cbbc800d29e40131cca05148",
    "https://deno.land/x/deno_slack_hooks@1.0.1/deps.ts": "01db4bca5d66b71196e0298c207e8c58bc2122312efe7e97b185a59a45af2504",
    "https://deno.land/x/deno_slack_hooks@1.0.1/get_manifest.ts": "4e2350e3629fc4e716689c09d9f4fda3d9bc9f7b0b952bd9afa6157e41c6b854",
    "https://deno.land/x/deno_slack_hooks@1.0.1/libraries.ts": "48c3cc3471615a1f57e67a695505e56a403818db01cfb6958d513c181614fad7",
    "https://deno.land/x/deno_slack_hooks@1.0.1/utilities.ts": "809a36c2a82986045f778d1cd74d026cb906498891545e55b92df82704b0492b",
    "https://deno.land/x/deno_slack_hooks@1.0.1/version.ts": "6c0bc17b89d018157f67954907919c64a0e1b0d079d33b785c71ccbf287ab9d1",
    "https://deno.land/x/deno_slack_protocols@0.0.2/deps.ts": "8ff2d185ecc28403588fdc108c58bb5d77181a67f209af29932ec1029cbf94e6",
    "https://deno.land/x/deno_slack_protocols@0.0.2/mod.ts": "9de77fa9a0ccb7ca74b84e674c3fae7675ed487ff98a82d39a865f59f7df28e3",
    "https://deno.land/x/deno_slack_protocols@0.0.2/types.ts": "4fc2f06d090d149e23ddb9e08eff02c8df5fb4e0c57b142bb96a8b8b399fde20",
    "https://deno.land/x/deno_slack_sdk@2.1.0/datastore/mod.ts": "e62c18c335f97da30a23f493f6a8d04febe4cddab9c79998ea3c87250640a4ce",
    "https://deno.land/x/deno_slack_sdk@2.1.0/datastore/types.ts": "a1b399e7b12dab3318d8c027579d0de56289c4b8be2e55819f6ebad86541cb9d",
    "https://deno.land/x/deno_slack_sdk@2.1.0/deps.ts": "6290ed6c491b105231c37f381975ce794efb22f4dac76c5a20d5c18e20dc5da2",
    "https://deno.land/x/deno_slack_sdk@2.1.0/events/mod.ts": "cef9defa20cd9711c7ebd5114de28b27c240dfc520d3207b3da3579aa82f26bd",
    "https://deno.land/x/deno_slack_sdk@2.1.0/events/types.ts": "6a175e944c36f73ff17915142687ffb59b44453f023f0237606414fbc736a35b",
    "https://deno.land/x/deno_slack_sdk@2.1.0/functions/enrich-context.ts": "d021e199f01bbd581c552fce3e4bede8996934fe44656e44503c0c47f26a70a2",
    "https://deno.land/x/deno_slack_sdk@2.1.0/functions/interactivity/block_actions_router.ts": "4ddc7e72511b08d5e6f7534ad7ebe16a2981edf3d90e555fcf23ecc0b31be0e5",
    "https://deno.land/x/deno_slack_sdk@2.1.0/functions/interactivity/block_actions_types.ts": "f0fbf98b1a7cff87a9f7212013adbdba1fc04061594f4aa16c892392f37dc06e",
    "https://deno.land/x/deno_slack_sdk@2.1.0/functions/interactivity/block_kit_types.ts": "0039f07e0d995320209464fcd8378b65c25f70882b64601db1fb5abc2dd22f66",
    "https://deno.land/x/deno_slack_sdk@2.1.0/functions/interactivity/block_suggestion_router.ts": "d98b5ecc2fbeb9639ba488c4f4b1e28a8fd88071f5f197c10be38085b01d5c56",
    "https://deno.land/x/deno_slack_sdk@2.1.0/functions/interactivity/block_suggestion_types.ts": "c00cf24d95457db49a09c3984ee1455177cb9c8170b85867fe0e5ce72dbd2bdb",
    "https://deno.land/x/deno_slack_sdk@2.1.0/functions/interactivity/matchers.ts": "909233f044fa65c67eb85eebf6c0a2961d2ae6fbb12a86348208c9b15dfa331c",
    "https://deno.land/x/deno_slack_sdk@2.1.0/functions/interactivity/mod.ts": "5604798760bc73e105268719c9c569bb3037a82710e694d4761827506d5f5d6a",
    "https://deno.land/x/deno_slack_sdk@2.1.0/functions/interactivity/types.ts": "2962307d59f47b17091d0b82254bee0522782a283a4ff4f63e0a1db58fa4a85d",
    "https://deno.land/x/deno_slack_sdk@2.1.0/functions/interactivity/view_router.ts": "cddc3ab99bd70ed7d2ba33df7596eb2e730c37a952c920c17e0b7910ff783599",
    "https://deno.land/x/deno_slack_sdk@2.1.0/functions/interactivity/view_types.ts": "aaf539ec8aaf8a7d11a5ccabdac5b95a1cd414cc64b9127ec3559a7eec6948c9",
    "https://deno.land/x/deno_slack_sdk@2.1.0/functions/mod.ts": "52de877459b204d8b6aec6610db188cdb6aa18e9dea3dd7ca3bd7769d670bae8",
    "https://deno.land/x/deno_slack_sdk@2.1.0/functions/slack-function.ts": "ffc47059631f330e875611d5c96a9f7c0bc4f48880d414383d3a7e13eac575e1",
    "https://deno.land/x/deno_slack_sdk@2.1.0/functions/tester/mod.ts": "44bfd4b34fa3a928295840cdf328647d2dcf7958c873926640fef58c69e13eb3",
    "https://deno.land/x/deno_slack_sdk@2.1.0/functions/tester/types.ts": "2d101430d72af517a65b8dcbf7e7a29b765d4af2927e7ca04b1fb4e0b5456e21",
    "https://deno.land/x/deno_slack_sdk@2.1.0/functions/types.ts": "9643fb879e3977e193ab659588be351f24468ed9a41e44cb26b41e958fc104db",
    "https://deno.land/x/deno_slack_sdk@2.1.0/functions/unhandled-event-error.ts": "2b5405ef45cc6ea512863d570461a5b26383a9f3857070d4001b6e819958ff58",
    "https://deno.land/x/deno_slack_sdk@2.1.0/manifest/manifest_schema.ts": "987012a1e92771a9f186de2be98c07032617ef9e5bfd8d1d26e56b23ac928a9a",
    "https://deno.land/x/deno_slack_sdk@2.1.0/manifest/mod.ts": "06cb9ca763d2ee488ebc6e269bd5a8d2c21b4e800bb9b8d112649d99050cc6b9",
    "https://deno.land/x/deno_slack_sdk@2.1.0/manifest/types.ts": "e7dfcdc555553805ecca7c9c0f0d3028344cc36c1172ee1cb5720693339d5722",
    "https://deno.land/x/deno_slack_sdk@2.1.0/manifest/types_util.ts": "bfa92f42a4fbe7ec611a3bfb6e105271dca37aacf9fd261518830739392d2400",
    "https://deno.land/x/deno_slack_sdk@2.1.0/mod.ts": "e75a6e5c0898bd65f7ef9e0d962741b05a439c2f15a8a9c5e025508aab34672f",
    "https://deno.land/x/deno_slack_sdk@2.1.0/parameters/define_property.ts": "7b26dfde60a7571197e93d0d63a9a6aa1bae335fcbd8c50a9a01bb410201db16",
    "https://deno.land/x/deno_slack_sdk@2.1.0/parameters/definition_types.ts": "b2e9190336f513284be8814637ad46ee9523ef1ad538ce02bc8e67261f2871de",
    "https://deno.land/x/deno_slack_sdk@2.1.0/parameters/mod.ts": "49091f663187e57029df3da37ca37528ee7cebdf6a5fdead48bccc42678a5a2c",
    "https://deno.land/x/deno_slack_sdk@2.1.0/parameters/param.ts": "c3aaf417889807748bd48f362dac0779a799e73bcf0ef60ea6a9218f0af4ffa7",
    "https://deno.land/x/deno_slack_sdk@2.1.0/parameters/types.ts": "85daab8f3b1579bab84bd931a3b87d302e902c7df5ac1e0dcb6791043244ebc4",
    "https://deno.land/x/deno_slack_sdk@2.1.0/parameters/with-untyped-object-proxy.ts": "3f4a95b9329e203b1cf5719aeb088d9079a4e049c86ec8d1f1cc679337beafd4",
    "https://deno.land/x/deno_slack_sdk@2.1.0/providers/oauth2/mod.ts": "1f0b4b22a70c61a24b80148e18a3f69cbadd50e90e289c0279077ffec9b5812d",
    "https://deno.land/x/deno_slack_sdk@2.1.0/providers/oauth2/types.ts": "b0decfe98203e220274881fdcea3c33a36285ee2e563d6402bf110806c87aa24",
    "https://deno.land/x/deno_slack_sdk@2.1.0/schema/mod.ts": "d787340679febcd2c7e347add9b9d6bb0e9e9f77dbf8fc3275c789ad16a5b676",
    "https://deno.land/x/deno_slack_sdk@2.1.0/schema/providers/mod.ts": "956fb122f6644ec922190b8a9bab305b7729cc403e5a89e85a10a5349366db04",
    "https://deno.land/x/deno_slack_sdk@2.1.0/schema/providers/oauth2/mod.ts": "0e345db222d41e786ec057f03693f2d497a694278886939282312d77e0a3cbe6",
    "https://deno.land/x/deno_slack_sdk@2.1.0/schema/providers/oauth2/types.ts": "354e1958ecdaf1b30ee689c8508ba3f2f84151421ce1001ec5e20337334c1214",
    "https://deno.land/x/deno_slack_sdk@2.1.0/schema/schema_types.ts": "36a9d4d17d6335a0a3e68b4344a528e3ca7db09bc2ff0923332ee61fddb42530",
    "https://deno.land/x/deno_slack_sdk@2.1.0/schema/slack/functions/add_pin.ts": "30d1ff0c49f2a37275396fececb2a28e19f09c7f7b3ee6af5a4499d9078ff2e7",
    "https://deno.land/x/deno_slack_sdk@2.1.0/schema/slack/functions/add_user_to_usergroup.ts": "627904e139863d3ee269dda68f96f55ca3653c7bec9ac69a38b745bcede68b83",
    "https://deno.land/x/deno_slack_sdk@2.1.0/schema/slack/functions/archive_channel.ts": "6d7393baa641800bb72ed66c6411aaa1f724133842b5c79030a43ebb4d739777",
    "https://deno.land/x/deno_slack_sdk@2.1.0/schema/slack/functions/create_channel.ts": "fc93a9d4127a631c5559d3d183b21a808c1ed632c9775b06d0bbc7f3b958da9f",
    "https://deno.land/x/deno_slack_sdk@2.1.0/schema/slack/functions/create_usergroup.ts": "ce0409898312afbe62830691b77a5d986cd7d39f14b28e80c01c12d6fef457ee",
    "https://deno.land/x/deno_slack_sdk@2.1.0/schema/slack/functions/delay.ts": "3e22a093d447aa1443fa9ff38634fe56aa0e9444ba40c228e2098b8ee63816c5",
    "https://deno.land/x/deno_slack_sdk@2.1.0/schema/slack/functions/invite_user_to_channel.ts": "a688f0aa712a3bf4263099bd314bfb8685716df6ca33ea43d92068b03d001c61",
    "https://deno.land/x/deno_slack_sdk@2.1.0/schema/slack/functions/mod.ts": "693af1d90edc0f524240606f832be2a02de400984627b64c6e664a65d6305f53",
    "https://deno.land/x/deno_slack_sdk@2.1.0/schema/slack/functions/open_form.ts": "5599463967e8ac2fa030dc9248a2e73a9fa4850f8ce082bdf8db6604cefd4e20",
    "https://deno.land/x/deno_slack_sdk@2.1.0/schema/slack/functions/remove_user_from_usergroup.ts": "c7c2ef20bebd1dc96b2a411ef868caaf7190774a03ef9bd8e3cfcfcabd0444dd",
    "https://deno.land/x/deno_slack_sdk@2.1.0/schema/slack/functions/reply_in_thread.ts": "95a69f423411998c3d3a2a17d78e9b644ebaf8d8cafe47371219bba5578ff1db",
    "https://deno.land/x/deno_slack_sdk@2.1.0/schema/slack/functions/send_dm.ts": "fdae1f661bbc5aebb30277d9f4418d2d88aa36a3cd37e040e430a645c44f9036",
    "https://deno.land/x/deno_slack_sdk@2.1.0/schema/slack/functions/send_ephemeral_message.ts": "ea7275cc8f2aa934e5ad4dcab0ead484ab604b80638a77c6abb38be4fba9d84c",
    "https://deno.land/x/deno_slack_sdk@2.1.0/schema/slack/functions/send_message.ts": "b28b60b69912c0c44ae635cbea774ee5dc1b5f0e31b316d7176f02bd6083b770",
    "https://deno.land/x/deno_slack_sdk@2.1.0/schema/slack/functions/update_channel_topic.ts": "94c4388ce381879ade8bc92b8e0a2987ee05856a79a01e9d705b8a66a1a0bf5e",
    "https://deno.land/x/deno_slack_sdk@2.1.0/schema/slack/mod.ts": "1156376a4f574163fdf2f55c40bfad7fd94890b260ecd2fe3172d90be1acc4b4",
    "https://deno.land/x/deno_slack_sdk@2.1.0/schema/slack/schema_types.ts": "bc7f1dd20b771f20e41b130f8a365e2d478616e0d13a0d9b5213d7f8735f5b6a",
    "https://deno.land/x/deno_slack_sdk@2.1.0/schema/slack/types/custom/form_input.ts": "6d7c090c70b8a9aea69a2d833dc9b62388ebb712207e4d3cbbef54baf8504099",
    "https://deno.land/x/deno_slack_sdk@2.1.0/schema/slack/types/custom/interactivity.ts": "c05bad64cc53253dc170c313257c79e310680891c8f52a77e2edcfa28d64569b",
    "https://deno.land/x/deno_slack_sdk@2.1.0/schema/slack/types/custom/message_context.ts": "01bb3016ce8bf7160aa3549cecb04b46b1d421e78b6f3b7fe7fd7b3bad7372fb",
    "https://deno.land/x/deno_slack_sdk@2.1.0/schema/slack/types/custom/mod.ts": "3407a1f499aa5bc0e0a6bb6b96d83633f2242501c8ebe24ec9796e2a464ed579",
    "https://deno.land/x/deno_slack_sdk@2.1.0/schema/slack/types/custom/user_context.ts": "be7b276e59fa272f5bf393c30bd29bfd6833ff9f822ad529ee1f3cd477a13db6",
    "https://deno.land/x/deno_slack_sdk@2.1.0/schema/slack/types/mod.ts": "f4dbbd4c3fa620b7f641f31cc5a7d9617d3699c67a3e1d8ec925d691fc15641e",
    "https://deno.land/x/deno_slack_sdk@2.1.0/type_utils.ts": "1f4f9d1e153f1ae2603b27569892b8d9dfc7d1cd0e682c6a988307f93faffb45",
    "https://deno.land/x/deno_slack_sdk@2.1.0/types.ts": "94624bb73ae39131c464133547c9d707a7cd8a4a758c1bf46285a3e77c449254",
    "https://deno.land/x/deno_slack_sdk@2.1.0/types/mod.ts": "94bcf1f1d22d5ca71453370e96a0ba05d919eb93a0fca3c5604759edb02b439b",
    "https://deno.land/x/deno_slack_sdk@2.1.0/types/types.ts": "8f402db92718cb06168f83a78677416fe44fde408a657da5c89451d4eb09f748",
    "https://deno.land/x/deno_slack_sdk@2.1.0/workflows/mod.ts": "96d3a5f441bab0896af2e5324bf0f84f551325aebaba22b2a4faa7de757023d9",
    "https://deno.land/x/deno_slack_sdk@2.1.0/workflows/types.ts": "c2ce90fd410ee3810ac537f2d6c8418b6593643210d1968339c9afd1d1e8fbcb",
    "https://deno.land/x/deno_slack_sdk@2.1.0/workflows/workflow-step.ts": "130d956c3572a90fccca9d04e5e7fa1031fcd10b1fbc499d692be258feabe1ca",
    "https://deno.land/x/gpt@1.5/bpe-vocab.ts": "18ebc4e698811e24f9cb04801485df91ad9a77460ae66447f1e9a4587a85ec23",
    "https://deno.land/x/gpt@1.5/encoder.ts": "f2483f9d08b547941ede88070346d28914adc8951168194c328480318e89bd63",
    "https://deno.land/x/gpt@1.5/mod.ts": "0af985d9130b0651f571ec7f577f4f1aedd8b8acd338f479a2b922b307f00bc4",
    "https://deno.land/x/gpt@1.6/bpe-vocab.json": "18ebc4e698811e24f9cb04801485df91ad9a77460ae66447f1e9a4587a85ec23",
    "https://deno.land/x/gpt@1.6/encoder.json": "f2483f9d08b547941ede88070346d28914adc8951168194c328480318e89bd63",
    "https://deno.land/x/gpt@1.6/mod.ts": "e283739171e690486da3d1d40c86598126a7350e0ac59e08672e337fee970bc7"
  }
}
